
Microsoft Visual Studio Solution File, Format Version 12.00
# Visual Studio 2013
VisualStudioVersion = 12.0.21005.1
MinimumVisualStudioVersion = 10.0.40219.1
Project("{E24C65DC-7377-472B-9ABA-BC803B73C61A}") = "Coffee _And_Juices_Website", "http://localhost:51192", "{76B9F734-E76F-445C-A6D5-2523103740E1}"
	ProjectSection(WebsiteProperties) = preProject
		UseIISExpress = "true"
		TargetFrameworkMoniker = ".NETFramework,Version%3Dv4.5"
		Debug.AspNetCompiler.VirtualPath = "/localhost_51192"
		Debug.AspNetCompiler.PhysicalPath = "..\Coffee _And_Juices_Website\"
		Debug.AspNetCompiler.TargetPath = "PrecompiledWeb\localhost_51192\"
		Debug.AspNetCompiler.Updateable = "true"
		Debug.AspNetCompiler.ForceOverwrite = "true"
		Debug.AspNetCompiler.FixedNames = "false"
		Debug.AspNetCompiler.Debug = "True"
		Release.AspNetCompiler.VirtualPath = "/localhost_51192"
		Release.AspNetCompiler.PhysicalPath = "..\Coffee _And_Juices_Website\"
		Release.AspNetCompiler.TargetPath = "PrecompiledWeb\localhost_51192\"
		Release.AspNetCompiler.Updateable = "true"
		Release.AspNetCompiler.ForceOverwrite = "true"
		Release.AspNetCompiler.FixedNames = "false"
		Release.AspNetCompiler.Debug = "False"
		SlnRelativePath = "..\Coffee _And_Juices_Website\"
	EndProjectSection
EndProject
Global
	GlobalSection(SolutionConfigurationPlatforms) = preSolution
		Debug|Any CPU = Debug|Any CPU
	EndGlobalSection
	GlobalSection(ProjectConfigurationPlatforms) = postSolution
		{76B9F734-E76F-445C-A6D5-2523103740E1}.Debug|Any CPU.ActiveCfg = Debug|Any CPU
		{76B9F734-E76F-445C-A6D5-2523103740E1}.Debug|Any CPU.Build.0 = Debug|Any CPU
	EndGlobalSection
	GlobalSection(SolutionProperties) = preSolution
		HideSolutionNode = FALSE
	EndGlobalSection
EndGlobal
